
Microsoft Visual Studio Solution File, Format Version 12.00
# Visual Studio Version 16
VisualStudioVersion = 16.0.30907.101
MinimumVisualStudioVersion = 10.0.40219.1
Project("{FAE04EC0-301F-11D3-BF4B-00C04F79EFBC}") = "spring2021-Assignment 1- Siddhi kulkarni", "spring2021-Assignment 1- Siddhi kulkarni\spring2021-Assignment 1- Siddhi kulkarni.csproj", "{1B496101-A495-4FAF-948D-739F1C5EE366}"
EndProject
Global
	GlobalSection(SolutionConfigurationPlatforms) = preSolution
		Debug|Any CPU = Debug|Any CPU
		Release|Any CPU = Release|Any CPU
	EndGlobalSection
	GlobalSection(ProjectConfigurationPlatforms) = postSolution
		{1B496101-A495-4FAF-948D-739F1C5EE366}.Debug|Any CPU.ActiveCfg = Debug|Any CPU
		{1B496101-A495-4FAF-948D-739F1C5EE366}.Debug|Any CPU.Build.0 = Debug|Any CPU
		{1B496101-A495-4FAF-948D-739F1C5EE366}.Release|Any CPU.ActiveCfg = Release|Any CPU
		{1B496101-A495-4FAF-948D-739F1C5EE366}.Release|Any CPU.Build.0 = Release|Any CPU
	EndGlobalSection
	GlobalSection(SolutionProperties) = preSolution
		HideSolutionNode = FALSE
	EndGlobalSection
	GlobalSection(ExtensibilityGlobals) = postSolution
		SolutionGuid = {C531D699-BDB5-4721-964F-8C9D48456307}
	EndGlobalSection
EndGlobal
